
Microsoft Visual Studio Solution File, Format Version 12.00
# Visual Studio Version 17
VisualStudioVersion = 17.14.36414.22
MinimumVisualStudioVersion = 10.0.40219.1
Project("{FAE04EC0-301F-11D3-BF4B-00C04F79EFBC}") = "Lost_And_Found_Web_Portal.Api", "Lost_And_Found_Web_Portal.Api.csproj", "{EDD85934-20D3-478C-8371-216B27957109}"
EndProject
Project("{FAE04EC0-301F-11D3-BF4B-00C04F79EFBC}") = "Lost_And_Found_Web_Portal.Core", "..\Lost_And_Found_Web_Portal.Core\Lost_And_Found_Web_Portal.Core.csproj", "{58B3DB15-C6C5-48ED-83EC-DD23314E98F3}"
EndProject
Project("{FAE04EC0-301F-11D3-BF4B-00C04F79EFBC}") = "Lost_And_Found_Web_Portal.Infrastructure", "..\Lost_And_Found_Web_Portal.Infrastructure\Lost_And_Found_Web_Portal.Infrastructure.csproj", "{8FE52927-4E70-49E3-9CB6-05462DF2F55E}"
EndProject
Global
	GlobalSection(SolutionConfigurationPlatforms) = preSolution
		Debug|Any CPU = Debug|Any CPU
		Release|Any CPU = Release|Any CPU
	EndGlobalSection
	GlobalSection(ProjectConfigurationPlatforms) = postSolution
		{EDD85934-20D3-478C-8371-216B27957109}.Debug|Any CPU.ActiveCfg = Debug|Any CPU
		{EDD85934-20D3-478C-8371-216B27957109}.Debug|Any CPU.Build.0 = Debug|Any CPU
		{EDD85934-20D3-478C-8371-216B27957109}.Release|Any CPU.ActiveCfg = Release|Any CPU
		{EDD85934-20D3-478C-8371-216B27957109}.Release|Any CPU.Build.0 = Release|Any CPU
		{58B3DB15-C6C5-48ED-83EC-DD23314E98F3}.Debug|Any CPU.ActiveCfg = Debug|Any CPU
		{58B3DB15-C6C5-48ED-83EC-DD23314E98F3}.Debug|Any CPU.Build.0 = Debug|Any CPU
		{58B3DB15-C6C5-48ED-83EC-DD23314E98F3}.Release|Any CPU.ActiveCfg = Release|Any CPU
		{58B3DB15-C6C5-48ED-83EC-DD23314E98F3}.Release|Any CPU.Build.0 = Release|Any CPU
		{8FE52927-4E70-49E3-9CB6-05462DF2F55E}.Debug|Any CPU.ActiveCfg = Debug|Any CPU
		{8FE52927-4E70-49E3-9CB6-05462DF2F55E}.Debug|Any CPU.Build.0 = Debug|Any CPU
		{8FE52927-4E70-49E3-9CB6-05462DF2F55E}.Release|Any CPU.ActiveCfg = Release|Any CPU
		{8FE52927-4E70-49E3-9CB6-05462DF2F55E}.Release|Any CPU.Build.0 = Release|Any CPU
	EndGlobalSection
	GlobalSection(SolutionProperties) = preSolution
		HideSolutionNode = FALSE
	EndGlobalSection
	GlobalSection(ExtensibilityGlobals) = postSolution
		SolutionGuid = {D0291CB9-0E23-44C8-9E25-826C0FAECD66}
	EndGlobalSection
EndGlobal
